Microsoft Visual Studio Solution File, Format Version 12.00
# Visual Studio Version 17
VisualStudioVersion = 17.5.2.0
MinimumVisualStudioVersion = 10.0.40219.1
Project("{FAE04EC0-301F-11D3-BF4B-00C04F79EFBC}") = "InitialPrefabs.TaskExtensions", "InitialPrefabs.TaskExtensions\InitialPrefabs.TaskExtensions.csproj", "{FCA49E4B-3218-BB5F-E681-3F9983E15B06}"
EndProject
Project("{FAE04EC0-301F-11D3-BF4B-00C04F79EFBC}") = "InitialPrefabs.TaskExtensions.Tests", "InitialPrefabs.TaskExtensions.Tests\InitialPrefabs.TaskExtensions.Tests.csproj", "{F6B1510E-878D-45A5-BADD-F93295DB140A}"
EndProject
Global
	GlobalSection(SolutionConfigurationPlatforms) = preSolution
		Debug|Any CPU = Debug|Any CPU
		Release|Any CPU = Release|Any CPU
	EndGlobalSection
	GlobalSection(ProjectConfigurationPlatforms) = postSolution
		{FCA49E4B-3218-BB5F-E681-3F9983E15B06}.Debug|Any CPU.ActiveCfg = Debug|Any CPU
		{FCA49E4B-3218-BB5F-E681-3F9983E15B06}.Debug|Any CPU.Build.0 = Debug|Any CPU
		{FCA49E4B-3218-BB5F-E681-3F9983E15B06}.Release|Any CPU.ActiveCfg = Release|Any CPU
		{FCA49E4B-3218-BB5F-E681-3F9983E15B06}.Release|Any CPU.Build.0 = Release|Any CPU
		{F6B1510E-878D-45A5-BADD-F93295DB140A}.Debug|Any CPU.ActiveCfg = Debug|Any CPU
		{F6B1510E-878D-45A5-BADD-F93295DB140A}.Debug|Any CPU.Build.0 = Debug|Any CPU
		{F6B1510E-878D-45A5-BADD-F93295DB140A}.Release|Any CPU.ActiveCfg = Release|Any CPU
		{F6B1510E-878D-45A5-BADD-F93295DB140A}.Release|Any CPU.Build.0 = Release|Any CPU
	EndGlobalSection
	GlobalSection(SolutionProperties) = preSolution
		HideSolutionNode = FALSE
	EndGlobalSection
	GlobalSection(ExtensibilityGlobals) = postSolution
		SolutionGuid = {E02D5916-6E00-4164-A9E0-92A8BC9FA1AD}
	EndGlobalSection
EndGlobal
